
Microsoft Visual Studio Solution File, Format Version 12.00
# Visual Studio Version 17
VisualStudioVersion = 17.5.33627.172
MinimumVisualStudioVersion = 10.0.40219.1
Project("{54A90642-561A-4BB1-A94E-469ADEE60C69}") = "reactapp", "reactapp\reactapp.esproj", "{D583D075-0F58-4B66-A999-F59C9D0E8731}"
EndProject
Project("{9A19103F-16F7-4668-BE54-9A1E7A4F7556}") = "webapi", "webapi\webapi.csproj", "{BAC6EB03-6973-4AE9-A4C0-F7C9712CBE4E}"
EndProject
Project("{2150E333-8FDC-42A3-9474-1A3956D46DE8}") = "git", "git", "{0B14825E-5080-412E-9CF7-25916060B822}"
	ProjectSection(SolutionItems) = preProject
		.gitignore = .gitignore
	EndProjectSection
EndProject
Global
	GlobalSection(SolutionConfigurationPlatforms) = preSolution
		Debug|Any CPU = Debug|Any CPU
		Release|Any CPU = Release|Any CPU
	EndGlobalSection
	GlobalSection(ProjectConfigurationPlatforms) = postSolution
		{D583D075-0F58-4B66-A999-F59C9D0E8731}.Debug|Any CPU.ActiveCfg = Debug|Any CPU
		{D583D075-0F58-4B66-A999-F59C9D0E8731}.Debug|Any CPU.Build.0 = Debug|Any CPU
		{D583D075-0F58-4B66-A999-F59C9D0E8731}.Debug|Any CPU.Deploy.0 = Debug|Any CPU
		{D583D075-0F58-4B66-A999-F59C9D0E8731}.Release|Any CPU.ActiveCfg = Release|Any CPU
		{D583D075-0F58-4B66-A999-F59C9D0E8731}.Release|Any CPU.Build.0 = Release|Any CPU
		{D583D075-0F58-4B66-A999-F59C9D0E8731}.Release|Any CPU.Deploy.0 = Release|Any CPU
		{BAC6EB03-6973-4AE9-A4C0-F7C9712CBE4E}.Debug|Any CPU.ActiveCfg = Debug|Any CPU
		{BAC6EB03-6973-4AE9-A4C0-F7C9712CBE4E}.Debug|Any CPU.Build.0 = Debug|Any CPU
		{BAC6EB03-6973-4AE9-A4C0-F7C9712CBE4E}.Release|Any CPU.ActiveCfg = Release|Any CPU
		{BAC6EB03-6973-4AE9-A4C0-F7C9712CBE4E}.Release|Any CPU.Build.0 = Release|Any CPU
	EndGlobalSection
	GlobalSection(SolutionProperties) = preSolution
		HideSolutionNode = FALSE
	EndGlobalSection
	GlobalSection(ExtensibilityGlobals) = postSolution
		SolutionGuid = {5C0B0763-041A-4F89-A6AF-2D4D57F85357}
	EndGlobalSection
EndGlobal
